
Microsoft Visual Studio Solution File, Format Version 12.00
# Visual Studio Version 17
VisualStudioVersion = 17.14.36603.0 d17.14
MinimumVisualStudioVersion = 10.0.40219.1
Project("{FAE04EC0-301F-11D3-BF4B-00C04F79EFBC}") = "topai_carina_ana_lab2", "topai_carina_ana_lab2.csproj", "{517A3C06-3D0A-499A-9586-DF8E5A71C834}"
EndProject
Global
	GlobalSection(SolutionConfigurationPlatforms) = preSolution
		Debug|Any CPU = Debug|Any CPU
		Release|Any CPU = Release|Any CPU
	EndGlobalSection
	GlobalSection(ProjectConfigurationPlatforms) = postSolution
		{517A3C06-3D0A-499A-9586-DF8E5A71C834}.Debug|Any CPU.ActiveCfg = Debug|Any CPU
		{517A3C06-3D0A-499A-9586-DF8E5A71C834}.Debug|Any CPU.Build.0 = Debug|Any CPU
		{517A3C06-3D0A-499A-9586-DF8E5A71C834}.Release|Any CPU.ActiveCfg = Release|Any CPU
		{517A3C06-3D0A-499A-9586-DF8E5A71C834}.Release|Any CPU.Build.0 = Release|Any CPU
	EndGlobalSection
	GlobalSection(SolutionProperties) = preSolution
		HideSolutionNode = FALSE
	EndGlobalSection
	GlobalSection(ExtensibilityGlobals) = postSolution
		SolutionGuid = {7B214BA1-232C-4908-962A-306312FD2B3A}
	EndGlobalSection
EndGlobal
